
Microsoft Visual Studio Solution File, Format Version 12.00
# Visual Studio Version 16
VisualStudioVersion = 16.0.808.4
MinimumVisualStudioVersion = 10.0.40219.1
Project("{FAE04EC0-301F-11D3-BF4B-00C04F79EFBC}") = "BlazorSwordDamage", "BlazorSwordDamage\BlazorSwordDamage.csproj", "{4C29D4FB-DE71-4DDF-AC94-F0CE26E03BF4}"
EndProject
Global
	GlobalSection(SolutionConfigurationPlatforms) = preSolution
		Debug|Any CPU = Debug|Any CPU
		Release|Any CPU = Release|Any CPU
	EndGlobalSection
	GlobalSection(ProjectConfigurationPlatforms) = postSolution
		{4C29D4FB-DE71-4DDF-AC94-F0CE26E03BF4}.Debug|Any CPU.ActiveCfg = Debug|Any CPU
		{4C29D4FB-DE71-4DDF-AC94-F0CE26E03BF4}.Debug|Any CPU.Build.0 = Debug|Any CPU
		{4C29D4FB-DE71-4DDF-AC94-F0CE26E03BF4}.Release|Any CPU.ActiveCfg = Release|Any CPU
		{4C29D4FB-DE71-4DDF-AC94-F0CE26E03BF4}.Release|Any CPU.Build.0 = Release|Any CPU
	EndGlobalSection
	GlobalSection(SolutionProperties) = preSolution
		HideSolutionNode = FALSE
	EndGlobalSection
	GlobalSection(ExtensibilityGlobals) = postSolution
		SolutionGuid = {3B2718D0-A6A1-4737-B28B-C150F123AD6F}
	EndGlobalSection
EndGlobal
